<?xml version="1.0" encoding="utf-8"?>
<Project ToolsVersion="4.0" xmlns="http://schemas.microsoft.com/developer/msbuild/2003">
  <ItemGroup>
    <Filter Include="nymphaea_lib">
      <UniqueIdentifier>{AE8D3131-9AF0-C0D5-4376-F98B2FB88C58}</UniqueIdentifier>
    </Filter>
    <Filter Include="nymphaea_lib\core">
      <UniqueIdentifier>{E6FA9D18-5211-9CAE-9B88-27D007DE6C36}</UniqueIdentifier>
    </Filter>
    <Filter Include="nymphaea_lib\core\data_structures">
      <UniqueIdentifier>{1286F4CE-7EF4-494E-C7DD-044E338B3FEA}</UniqueIdentifier>
    </Filter>
    <Filter Include="nymphaea_lib\core\data_structures\array">
      <UniqueIdentifier>{207F1710-8C0E-D9FA-950A-BA1201191407}</UniqueIdentifier>
    </Filter>
    <Filter Include="nymphaea_lib\core\data_structures\dynamic_array">
      <UniqueIdentifier>{E4C8ACCC-5004-0D90-59F9-891FC5B391C0}</UniqueIdentifier>
    </Filter>
    <Filter Include="nymphaea_lib\core\data_structures\dynamic_frag_array">
      <UniqueIdentifier>{43B4EA2F-2FF3-94AB-D875-71DDC4934A16}</UniqueIdentifier>
    </Filter>
    <Filter Include="nymphaea_lib\core\data_structures\hash_table">
      <UniqueIdentifier>{2CC22773-18D5-27CC-C1BE-04B9ADB0C419}</UniqueIdentifier>
    </Filter>
    <Filter Include="nymphaea_lib\core\data_structures\id_array">
      <UniqueIdentifier>{EC1678F2-D87E-3EC0-41EA-52D62D7155AC}</UniqueIdentifier>
    </Filter>
    <Filter Include="nymphaea_lib\core\debug">
      <UniqueIdentifier>{FC297157-6861-B9EE-716B-1D12DD21E0E7}</UniqueIdentifier>
    </Filter>
    <Filter Include="nymphaea_lib\core\debug\assert">
      <UniqueIdentifier>{3DF1CD96-2917-98FD-125D-1DC9FE21BDC9}</UniqueIdentifier>
    </Filter>
    <Filter Include="nymphaea_lib\core\debug\log">
      <UniqueIdentifier>{ED67C99F-5975-F785-E25B-F3704E68C33C}</UniqueIdentifier>
    </Filter>
    <Filter Include="nymphaea_lib\core\debug\memory_debug">
      <UniqueIdentifier>{CA8D1A82-B674-DC79-5FC5-42974B8B55E0}</UniqueIdentifier>
    </Filter>
    <Filter Include="nymphaea_lib\core\debug\time">
      <UniqueIdentifier>{3AB0FA98-266B-EA44-CF22-638FBBBC34D5}</UniqueIdentifier>
    </Filter>
    <Filter Include="nymphaea_lib\core\event">
      <UniqueIdentifier>{D7A08C57-43D8-D4EE-4CE2-3812B898FBE7}</UniqueIdentifier>
    </Filter>
    <Filter Include="nymphaea_lib\core\file">
      <UniqueIdentifier>{F5F57848-E1EF-A19A-CA5C-38ABB6F50707}</UniqueIdentifier>
    </Filter>
    <Filter Include="nymphaea_lib\core\file\file">
      <UniqueIdentifier>{64326612-D03F-94F8-5926-90E3C53260AF}</UniqueIdentifier>
    </Filter>
    <Filter Include="nymphaea_lib\core\file\image">
      <UniqueIdentifier>{C7CB645F-B386-540B-5C3E-CD5548D89E9B}</UniqueIdentifier>
    </Filter>
    <Filter Include="nymphaea_lib\core\functions">
      <UniqueIdentifier>{EEAEA8BF-5ABC-D6A5-E3A2-D2904FAFA25C}</UniqueIdentifier>
    </Filter>
    <Filter Include="nymphaea_lib\core\functions\string_format">
      <UniqueIdentifier>{DC8EE2C3-48A9-4565-91CB-55F9FD246D6C}</UniqueIdentifier>
    </Filter>
    <Filter Include="nymphaea_lib\core\mia">
      <UniqueIdentifier>{4CA168DB-B80D-24D6-8101-BC33ED2C463E}</UniqueIdentifier>
    </Filter>
    <Filter Include="nymphaea_lib\graphics">
      <UniqueIdentifier>{CE359D4C-3AA2-5847-0396-F0A46FC17AAF}</UniqueIdentifier>
    </Filter>
    <Filter Include="nymphaea_lib\graphics\camera">
      <UniqueIdentifier>{A68A0128-9245-F1D3-3BFD-691E27973B64}</UniqueIdentifier>
    </Filter>
    <Filter Include="nymphaea_lib\graphics\camera\camera_2d">
      <UniqueIdentifier>{B32E805A-9F80-574A-889F-945A74907033}</UniqueIdentifier>
    </Filter>
    <Filter Include="nymphaea_lib\graphics\camera\camera_3d">
      <UniqueIdentifier>{D42E805A-C080-574A-A99F-945A95907033}</UniqueIdentifier>
    </Filter>
    <Filter Include="nymphaea_lib\graphics\camera\camera_3d\freecam">
      <UniqueIdentifier>{F6E3EECA-E261-3F64-CB59-FDFBB776818C}</UniqueIdentifier>
    </Filter>
    <Filter Include="nymphaea_lib\graphics\debug">
      <UniqueIdentifier>{E4F23AC3-5000-69A9-D9E6-649445F33460}</UniqueIdentifier>
    </Filter>
    <Filter Include="nymphaea_lib\graphics\font">
      <UniqueIdentifier>{B45B393C-A06B-E50C-0925-4A2BF553D4A5}</UniqueIdentifier>
    </Filter>
    <Filter Include="nymphaea_lib\graphics\framebuffer">
      <UniqueIdentifier>{2234E29E-8EA2-371E-D78B-F21D43392DBA}</UniqueIdentifier>
    </Filter>
    <Filter Include="nymphaea_lib\graphics\gui">
      <UniqueIdentifier>{42F8DA20-AEBA-0EAB-F76A-9D37636CE788}</UniqueIdentifier>
    </Filter>
    <Filter Include="nymphaea_lib\graphics\gui\context">
      <UniqueIdentifier>{F62C3820-629B-8D9F-AB84-489F1732833B}</UniqueIdentifier>
    </Filter>
    <Filter Include="nymphaea_lib\graphics\gui\context\shader">
      <UniqueIdentifier>{FC7FD43E-E8FC-C781-117A-C895FD556415}</UniqueIdentifier>
    </Filter>
    <Filter Include="nymphaea_lib\graphics\gui\text">
      <UniqueIdentifier>{B64AFED5-A270-C83C-8BB6-4D08777BED08}</UniqueIdentifier>
    </Filter>
    <Filter Include="nymphaea_lib\graphics\mesh">
      <UniqueIdentifier>{6A083D3C-5618-E90C-BFD1-4D2BAB00D8A5}</UniqueIdentifier>
    </Filter>
    <Filter Include="nymphaea_lib\graphics\mesh\mesh_data">
      <UniqueIdentifier>{FF3961A5-EB20-239D-9471-89BA80379C03}</UniqueIdentifier>
    </Filter>
    <Filter Include="nymphaea_lib\graphics\mesh\mesh_data\procedural">
      <UniqueIdentifier>{BF344221-2B70-A2E4-3465-1F74A01F2715}</UniqueIdentifier>
    </Filter>
    <Filter Include="nymphaea_lib\graphics\mesh\mesh_mia_system">
      <UniqueIdentifier>{00B96589-EC20-2C57-558C-406D41134343}</UniqueIdentifier>
    </Filter>
    <Filter Include="nymphaea_lib\graphics\objects">
      <UniqueIdentifier>{A75A0CC6-1373-F3EF-DC1F-838948F78789}</UniqueIdentifier>
    </Filter>
    <Filter Include="nymphaea_lib\graphics\objects\dsa_texture_2d">
      <UniqueIdentifier>{738460C6-5F97-601F-0881-3D0CF472FD6C}</UniqueIdentifier>
    </Filter>
    <Filter Include="nymphaea_lib\graphics\objects\ebo">
      <UniqueIdentifier>{ACD69254-1845-E8D3-612E-A3D3CDDBDD6F}</UniqueIdentifier>
    </Filter>
    <Filter Include="nymphaea_lib\graphics\objects\fbo">
      <UniqueIdentifier>{EDDA9254-5949-E8D3-A232-A3D30EE0DD6F}</UniqueIdentifier>
    </Filter>
    <Filter Include="nymphaea_lib\graphics\objects\rbo">
      <UniqueIdentifier>{F90D9354-657C-E8D3-AE65-A3D31A13DE6F}</UniqueIdentifier>
    </Filter>
    <Filter Include="nymphaea_lib\graphics\objects\ssbo">
      <UniqueIdentifier>{8DA0F5E6-79DC-F850-E2EE-1048CE49A16B}</UniqueIdentifier>
    </Filter>
    <Filter Include="nymphaea_lib\graphics\objects\texture_2d">
      <UniqueIdentifier>{BC6C7CE3-A8E9-6F26-D166-703ABD420CBA}</UniqueIdentifier>
    </Filter>
    <Filter Include="nymphaea_lib\graphics\objects\vao">
      <UniqueIdentifier>{DC1E9354-488D-E8D3-9176-A3D3FD23DE6F}</UniqueIdentifier>
    </Filter>
    <Filter Include="nymphaea_lib\graphics\objects\vbo">
      <UniqueIdentifier>{FD1E9354-698D-E8D3-B276-A3D31E24DE6F}</UniqueIdentifier>
    </Filter>
    <Filter Include="nymphaea_lib\graphics\program">
      <UniqueIdentifier>{15F2B438-810A-9C62-4AB7-2BFCB68E30FC}</UniqueIdentifier>
    </Filter>
    <Filter Include="nymphaea_lib\graphics\program\compute_program">
      <UniqueIdentifier>{B8AC8B96-241D-8E0F-ED3B-0898596BC610}</UniqueIdentifier>
    </Filter>
    <Filter Include="nymphaea_lib\graphics\program\shader_program">
      <UniqueIdentifier>{B22FDC76-9E42-DCCF-472C-B9BC331E791D}</UniqueIdentifier>
    </Filter>
    <Filter Include="nymphaea_lib\graphics\program\shader_program\shader_maker">
      <UniqueIdentifier>{47A992E2-B31B-D5FE-FCAF-0A8368619FF7}</UniqueIdentifier>
    </Filter>
    <Filter Include="nymphaea_lib\graphics\rect">
      <UniqueIdentifier>{4BC43F3C-37D4-EB0C-A08D-502B8CBCDAA5}</UniqueIdentifier>
    </Filter>
    <Filter Include="nymphaea_lib\graphics\renderer">
      <UniqueIdentifier>{547D8F3C-40A3-59A3-29E9-DE6E15AE7E6F}</UniqueIdentifier>
    </Filter>
    <Filter Include="nymphaea_lib\graphics\scene">
      <UniqueIdentifier>{8B5549C4-F762-77AA-8049-7395EC554361}</UniqueIdentifier>
    </Filter>
    <Filter Include="nymphaea_lib\graphics\scene\model">
      <UniqueIdentifier>{2B8BA96E-97F9-FEED-E0E2-B9ED4C90F489}</UniqueIdentifier>
    </Filter>
    <Filter Include="nymphaea_lib\graphics\scene\point_light">
      <UniqueIdentifier>{1B788C48-8707-4E33-9003-2F4BFC11893F}</UniqueIdentifier>
    </Filter>
    <Filter Include="nymphaea_lib\graphics\text">
      <UniqueIdentifier>{C2DF403C-AEEF-EC0C-17A9-512B03D8DBA5}</UniqueIdentifier>
    </Filter>
    <Filter Include="nymphaea_lib\graphics\text\text_2d">
      <UniqueIdentifier>{6BD9CC5E-5715-D0C8-C027-E8BFAC8278E3}</UniqueIdentifier>
    </Filter>
    <Filter Include="nymphaea_lib\graphics\text\text_3d">
      <UniqueIdentifier>{8CD9CC5E-7815-D0C8-E127-E8BFCD8278E3}</UniqueIdentifier>
    </Filter>
    <Filter Include="nymphaea_lib\graphics\text\text_highlight">
      <UniqueIdentifier>{ED52F0F0-596D-5392-A28F-63260EE97A99}</UniqueIdentifier>
    </Filter>
    <Filter Include="nymphaea_lib\graphics\transform">
      <UniqueIdentifier>{394765E6-A52A-7426-AE2D-A2621A903A77}</UniqueIdentifier>
    </Filter>
    <Filter Include="nymphaea_lib\graphics\transform\transform_2d">
      <UniqueIdentifier>{D98AC8F5-C59D-C84E-6E87-A53B5A79659C}</UniqueIdentifier>
    </Filter>
    <Filter Include="nymphaea_lib\graphics\transform\transform_3d">
      <UniqueIdentifier>{FA8AC8F5-E69D-C84E-8F87-A53B7B79659C}</UniqueIdentifier>
    </Filter>
    <Filter Include="nymphaea_lib\graphics\window">
      <UniqueIdentifier>{15033A57-01BE-2903-AA75-A24D960F7493}</UniqueIdentifier>
    </Filter>
    <Filter Include="nymphaea_lib\graphics\window\input">
      <UniqueIdentifier>{F4FE430F-E03A-4779-494D-5F7035A8EF93}</UniqueIdentifier>
    </Filter>
    <Filter Include="nymphaea_lib\os">
      <UniqueIdentifier>{9FAD42BD-0B39-B081-144A-337680540C82}</UniqueIdentifier>
    </Filter>
    <Filter Include="nymphaea_lib\os\console">
      <UniqueIdentifier>{E18BB980-4DC3-0118-56CD-653BC2832811}</UniqueIdentifier>
    </Filter>
    <Filter Include="nymphaea_lib\platform">
      <UniqueIdentifier>{E2A957CD-4E16-13C8-170A-AB2583353530}</UniqueIdentifier>
    </Filter>
    <Filter Include="nymphaea_lib\platform\windows">
      <UniqueIdentifier>{3CAE2156-A8C6-0880-7173-9819DD4A9D19}</UniqueIdentifier>
    </Filter>
  </ItemGroup>
  <ItemGroup>
    <ClInclude Include="src\nymphaea_lib\core\data_structures\array\array.h">
      <Filter>nymphaea_lib\core\data_structures\array</Filter>
    </ClInclude>
    <ClInclude Include="src\nymphaea_lib\core\data_structures\dynamic_array\dynamic_array.h">
      <Filter>nymphaea_lib\core\data_structures\dynamic_array</Filter>
    </ClInclude>
    <ClInclude Include="src\nymphaea_lib\core\data_structures\dynamic_frag_array\dynamic_frag_array.h">
      <Filter>nymphaea_lib\core\data_structures\dynamic_frag_array</Filter>
    </ClInclude>
    <ClInclude Include="src\nymphaea_lib\core\data_structures\hash_table\hash_table.h">
      <Filter>nymphaea_lib\core\data_structures\hash_table</Filter>
    </ClInclude>
    <ClInclude Include="src\nymphaea_lib\core\data_structures\id_array\id_array.h">
      <Filter>nymphaea_lib\core\data_structures\id_array</Filter>
    </ClInclude>
    <ClInclude Include="src\nymphaea_lib\core\debug\assert\assert.h">
      <Filter>nymphaea_lib\core\debug\assert</Filter>
    </ClInclude>
    <ClInclude Include="src\nymphaea_lib\core\debug\debug.h">
      <Filter>nymphaea_lib\core\debug</Filter>
    </ClInclude>
    <ClInclude Include="src\nymphaea_lib\core\debug\log\log.h">
      <Filter>nymphaea_lib\core\debug\log</Filter>
    </ClInclude>
    <ClInclude Include="src\nymphaea_lib\core\debug\memory_debug\mem_debug.h">
      <Filter>nymphaea_lib\core\debug\memory_debug</Filter>
    </ClInclude>
    <ClInclude Include="src\nymphaea_lib\core\debug\time\time.h">
      <Filter>nymphaea_lib\core\debug\time</Filter>
    </ClInclude>
    <ClInclude Include="src\nymphaea_lib\core\event\event.h">
      <Filter>nymphaea_lib\core\event</Filter>
    </ClInclude>
    <ClInclude Include="src\nymphaea_lib\core\file\file\file.h">
      <Filter>nymphaea_lib\core\file\file</Filter>
    </ClInclude>
    <ClInclude Include="src\nymphaea_lib\core\file\image\image.h">
      <Filter>nymphaea_lib\core\file\image</Filter>
    </ClInclude>
    <ClInclude Include="src\nymphaea_lib\core\functions\functions.h">
      <Filter>nymphaea_lib\core\functions</Filter>
    </ClInclude>
    <ClInclude Include="src\nymphaea_lib\core\functions\string_format\string_format.h">
      <Filter>nymphaea_lib\core\functions\string_format</Filter>
    </ClInclude>
    <ClInclude Include="src\nymphaea_lib\core\mia\mia.h">
      <Filter>nymphaea_lib\core\mia</Filter>
    </ClInclude>
    <ClInclude Include="src\nymphaea_lib\graphics\camera\camera_2d\camera_2d.h">
      <Filter>nymphaea_lib\graphics\camera\camera_2d</Filter>
    </ClInclude>
    <ClInclude Include="src\nymphaea_lib\graphics\camera\camera_3d\camera_3d.h">
      <Filter>nymphaea_lib\graphics\camera\camera_3d</Filter>
    </ClInclude>
    <ClInclude Include="src\nymphaea_lib\graphics\camera\camera_3d\freecam\freecam.h">
      <Filter>nymphaea_lib\graphics\camera\camera_3d\freecam</Filter>
    </ClInclude>
    <ClInclude Include="src\nymphaea_lib\graphics\debug\delta_time.h">
      <Filter>nymphaea_lib\graphics\debug</Filter>
    </ClInclude>
    <ClInclude Include="src\nymphaea_lib\graphics\font\font.h">
      <Filter>nymphaea_lib\graphics\font</Filter>
    </ClInclude>
    <ClInclude Include="src\nymphaea_lib\graphics\font\glyph.h">
      <Filter>nymphaea_lib\graphics\font</Filter>
    </ClInclude>
    <ClInclude Include="src\nymphaea_lib\graphics\framebuffer\framebuffer.h">
      <Filter>nymphaea_lib\graphics\framebuffer</Filter>
    </ClInclude>
    <ClInclude Include="src\nymphaea_lib\graphics\graphics.h">
      <Filter>nymphaea_lib\graphics</Filter>
    </ClInclude>
    <ClInclude Include="src\nymphaea_lib\graphics\gui\context\context.h">
      <Filter>nymphaea_lib\graphics\gui\context</Filter>
    </ClInclude>
    <ClInclude Include="src\nymphaea_lib\graphics\gui\context\shader\shader.h">
      <Filter>nymphaea_lib\graphics\gui\context\shader</Filter>
    </ClInclude>
    <ClInclude Include="src\nymphaea_lib\graphics\gui\gui.h">
      <Filter>nymphaea_lib\graphics\gui</Filter>
    </ClInclude>
    <ClInclude Include="src\nymphaea_lib\graphics\gui\text\text.h">
      <Filter>nymphaea_lib\graphics\gui\text</Filter>
    </ClInclude>
    <ClInclude Include="src\nymphaea_lib\graphics\mesh\mesh.h">
      <Filter>nymphaea_lib\graphics\mesh</Filter>
    </ClInclude>
    <ClInclude Include="src\nymphaea_lib\graphics\mesh\mesh_data\mesh_data.h">
      <Filter>nymphaea_lib\graphics\mesh\mesh_data</Filter>
    </ClInclude>
    <ClInclude Include="src\nymphaea_lib\graphics\mesh\mesh_data\procedural\mesh_procedural.h">
      <Filter>nymphaea_lib\graphics\mesh\mesh_data\procedural</Filter>
    </ClInclude>
    <ClInclude Include="src\nymphaea_lib\graphics\mesh\mesh_mia_system\mesh_mia_system.h">
      <Filter>nymphaea_lib\graphics\mesh\mesh_mia_system</Filter>
    </ClInclude>
    <ClInclude Include="src\nymphaea_lib\graphics\objects\dsa_texture_2d\dsa_texture_2d.h">
      <Filter>nymphaea_lib\graphics\objects\dsa_texture_2d</Filter>
    </ClInclude>
    <ClInclude Include="src\nymphaea_lib\graphics\objects\ebo\ebo.h">
      <Filter>nymphaea_lib\graphics\objects\ebo</Filter>
    </ClInclude>
    <ClInclude Include="src\nymphaea_lib\graphics\objects\fbo\fbo.h">
      <Filter>nymphaea_lib\graphics\objects\fbo</Filter>
    </ClInclude>
    <ClInclude Include="src\nymphaea_lib\graphics\objects\rbo\rbo.h">
      <Filter>nymphaea_lib\graphics\objects\rbo</Filter>
    </ClInclude>
    <ClInclude Include="src\nymphaea_lib\graphics\objects\ssbo\ssbo.h">
      <Filter>nymphaea_lib\graphics\objects\ssbo</Filter>
    </ClInclude>
    <ClInclude Include="src\nymphaea_lib\graphics\objects\texture_2d\texture_2d.h">
      <Filter>nymphaea_lib\graphics\objects\texture_2d</Filter>
    </ClInclude>
    <ClInclude Include="src\nymphaea_lib\graphics\objects\vao\vao.h">
      <Filter>nymphaea_lib\graphics\objects\vao</Filter>
    </ClInclude>
    <ClInclude Include="src\nymphaea_lib\graphics\objects\vbo\vbo.h">
      <Filter>nymphaea_lib\graphics\objects\vbo</Filter>
    </ClInclude>
    <ClInclude Include="src\nymphaea_lib\graphics\program\compute_program\compute_program.h">
      <Filter>nymphaea_lib\graphics\program\compute_program</Filter>
    </ClInclude>
    <ClInclude Include="src\nymphaea_lib\graphics\program\shader_program\shader.h">
      <Filter>nymphaea_lib\graphics\program\shader_program</Filter>
    </ClInclude>
    <ClInclude Include="src\nymphaea_lib\graphics\program\shader_program\shader_data.h">
      <Filter>nymphaea_lib\graphics\program\shader_program</Filter>
    </ClInclude>
    <ClInclude Include="src\nymphaea_lib\graphics\program\shader_program\shader_input.h">
      <Filter>nymphaea_lib\graphics\program\shader_program</Filter>
    </ClInclude>
    <ClInclude Include="src\nymphaea_lib\graphics\program\shader_program\shader_maker\shader_maker.h">
      <Filter>nymphaea_lib\graphics\program\shader_program\shader_maker</Filter>
    </ClInclude>
    <ClInclude Include="src\nymphaea_lib\graphics\program\shader_program\shader_program.h">
      <Filter>nymphaea_lib\graphics\program\shader_program</Filter>
    </ClInclude>
    <ClInclude Include="src\nymphaea_lib\graphics\rect\rect.h">
      <Filter>nymphaea_lib\graphics\rect</Filter>
    </ClInclude>
    <ClInclude Include="src\nymphaea_lib\graphics\renderer\renderer.h">
      <Filter>nymphaea_lib\graphics\renderer</Filter>
    </ClInclude>
    <ClInclude Include="src\nymphaea_lib\graphics\scene\model\model.h">
      <Filter>nymphaea_lib\graphics\scene\model</Filter>
    </ClInclude>
    <ClInclude Include="src\nymphaea_lib\graphics\scene\model\model_material.h">
      <Filter>nymphaea_lib\graphics\scene\model</Filter>
    </ClInclude>
    <ClInclude Include="src\nymphaea_lib\graphics\scene\point_light\point_light.h">
      <Filter>nymphaea_lib\graphics\scene\point_light</Filter>
    </ClInclude>
    <ClInclude Include="src\nymphaea_lib\graphics\scene\scene.h">
      <Filter>nymphaea_lib\graphics\scene</Filter>
    </ClInclude>
    <ClInclude Include="src\nymphaea_lib\graphics\text\text.h">
      <Filter>nymphaea_lib\graphics\text</Filter>
    </ClInclude>
    <ClInclude Include="src\nymphaea_lib\graphics\text\text_2d\text_2d.h">
      <Filter>nymphaea_lib\graphics\text\text_2d</Filter>
    </ClInclude>
    <ClInclude Include="src\nymphaea_lib\graphics\text\text_3d\text_3d.h">
      <Filter>nymphaea_lib\graphics\text\text_3d</Filter>
    </ClInclude>
    <ClInclude Include="src\nymphaea_lib\graphics\text\text_highlight\text_highlight.h">
      <Filter>nymphaea_lib\graphics\text\text_highlight</Filter>
    </ClInclude>
    <ClInclude Include="src\nymphaea_lib\graphics\transform\transform_2d\transform_2d.h">
      <Filter>nymphaea_lib\graphics\transform\transform_2d</Filter>
    </ClInclude>
    <ClInclude Include="src\nymphaea_lib\graphics\transform\transform_3d\transform_3d.h">
      <Filter>nymphaea_lib\graphics\transform\transform_3d</Filter>
    </ClInclude>
    <ClInclude Include="src\nymphaea_lib\graphics\window\input\input.h">
      <Filter>nymphaea_lib\graphics\window\input</Filter>
    </ClInclude>
    <ClInclude Include="src\nymphaea_lib\graphics\window\window.h">
      <Filter>nymphaea_lib\graphics\window</Filter>
    </ClInclude>
    <ClInclude Include="src\nymphaea_lib\os\console\console.h">
      <Filter>nymphaea_lib\os\console</Filter>
    </ClInclude>
    <ClInclude Include="src\nymphaea_lib\os\console\console_defines.h">
      <Filter>nymphaea_lib\os\console</Filter>
    </ClInclude>
    <ClInclude Include="src\nymphaea_lib\os\os.h">
      <Filter>nymphaea_lib\os</Filter>
    </ClInclude>
    <ClInclude Include="src\pch.h" />
  </ItemGroup>
  <ItemGroup>
    <ClCompile Include="src\nymphaea_lib\core\data_structures\array\array.c">
      <Filter>nymphaea_lib\core\data_structures\array</Filter>
    </ClCompile>
    <ClCompile Include="src\nymphaea_lib\core\data_structures\dynamic_array\dynamic_array.c">
      <Filter>nymphaea_lib\core\data_structures\dynamic_array</Filter>
    </ClCompile>
    <ClCompile Include="src\nymphaea_lib\core\data_structures\dynamic_frag_array\dynamic_frag_array.c">
      <Filter>nymphaea_lib\core\data_structures\dynamic_frag_array</Filter>
    </ClCompile>
    <ClCompile Include="src\nymphaea_lib\core\data_structures\hash_table\hash_table.c">
      <Filter>nymphaea_lib\core\data_structures\hash_table</Filter>
    </ClCompile>
    <ClCompile Include="src\nymphaea_lib\core\data_structures\id_array\id_array.c">
      <Filter>nymphaea_lib\core\data_structures\id_array</Filter>
    </ClCompile>
    <ClCompile Include="src\nymphaea_lib\core\debug\assert\assert.c">
      <Filter>nymphaea_lib\core\debug\assert</Filter>
    </ClCompile>
    <ClCompile Include="src\nymphaea_lib\core\debug\log\log.c">
      <Filter>nymphaea_lib\core\debug\log</Filter>
    </ClCompile>
    <ClCompile Include="src\nymphaea_lib\core\debug\memory_debug\mem_debug.c">
      <Filter>nymphaea_lib\core\debug\memory_debug</Filter>
    </ClCompile>
    <ClCompile Include="src\nymphaea_lib\core\debug\time\time.c">
      <Filter>nymphaea_lib\core\debug\time</Filter>
    </ClCompile>
    <ClCompile Include="src\nymphaea_lib\core\file\file\file.c">
      <Filter>nymphaea_lib\core\file\file</Filter>
    </ClCompile>
    <ClCompile Include="src\nymphaea_lib\core\file\image\image.c">
      <Filter>nymphaea_lib\core\file\image</Filter>
    </ClCompile>
    <ClCompile Include="src\nymphaea_lib\core\functions\string_format\string_format.c">
      <Filter>nymphaea_lib\core\functions\string_format</Filter>
    </ClCompile>
    <ClCompile Include="src\nymphaea_lib\core\mia\mia.c">
      <Filter>nymphaea_lib\core\mia</Filter>
    </ClCompile>
    <ClCompile Include="src\nymphaea_lib\graphics\camera\camera_2d\camera_2d.c">
      <Filter>nymphaea_lib\graphics\camera\camera_2d</Filter>
    </ClCompile>
    <ClCompile Include="src\nymphaea_lib\graphics\camera\camera_3d\camera_3d.c">
      <Filter>nymphaea_lib\graphics\camera\camera_3d</Filter>
    </ClCompile>
    <ClCompile Include="src\nymphaea_lib\graphics\camera\camera_3d\freecam\freecam.c">
      <Filter>nymphaea_lib\graphics\camera\camera_3d\freecam</Filter>
    </ClCompile>
    <ClCompile Include="src\nymphaea_lib\graphics\debug\delta_time.c">
      <Filter>nymphaea_lib\graphics\debug</Filter>
    </ClCompile>
    <ClCompile Include="src\nymphaea_lib\graphics\font\font.c">
      <Filter>nymphaea_lib\graphics\font</Filter>
    </ClCompile>
    <ClCompile Include="src\nymphaea_lib\graphics\framebuffer\framebuffer.c">
      <Filter>nymphaea_lib\graphics\framebuffer</Filter>
    </ClCompile>
    <ClCompile Include="src\nymphaea_lib\graphics\gui\context\context.c">
      <Filter>nymphaea_lib\graphics\gui\context</Filter>
    </ClCompile>
    <ClCompile Include="src\nymphaea_lib\graphics\gui\context\shader\shader.c">
      <Filter>nymphaea_lib\graphics\gui\context\shader</Filter>
    </ClCompile>
    <ClCompile Include="src\nymphaea_lib\graphics\gui\text\text.c">
      <Filter>nymphaea_lib\graphics\gui\text</Filter>
    </ClCompile>
    <ClCompile Include="src\nymphaea_lib\graphics\mesh\mesh.c">
      <Filter>nymphaea_lib\graphics\mesh</Filter>
    </ClCompile>
    <ClCompile Include="src\nymphaea_lib\graphics\mesh\mesh_data\mesh_data.c">
      <Filter>nymphaea_lib\graphics\mesh\mesh_data</Filter>
    </ClCompile>
    <ClCompile Include="src\nymphaea_lib\graphics\mesh\mesh_data\procedural\mesh_procedural.c">
      <Filter>nymphaea_lib\graphics\mesh\mesh_data\procedural</Filter>
    </ClCompile>
    <ClCompile Include="src\nymphaea_lib\graphics\mesh\mesh_mia_system\mesh_mia_system.c">
      <Filter>nymphaea_lib\graphics\mesh\mesh_mia_system</Filter>
    </ClCompile>
    <ClCompile Include="src\nymphaea_lib\graphics\objects\dsa_texture_2d\dsa_texture_2d.c">
      <Filter>nymphaea_lib\graphics\objects\dsa_texture_2d</Filter>
    </ClCompile>
    <ClCompile Include="src\nymphaea_lib\graphics\objects\ebo\ebo.c">
      <Filter>nymphaea_lib\graphics\objects\ebo</Filter>
    </ClCompile>
    <ClCompile Include="src\nymphaea_lib\graphics\objects\fbo\fbo.c">
      <Filter>nymphaea_lib\graphics\objects\fbo</Filter>
    </ClCompile>
    <ClCompile Include="src\nymphaea_lib\graphics\objects\rbo\rbo.c">
      <Filter>nymphaea_lib\graphics\objects\rbo</Filter>
    </ClCompile>
    <ClCompile Include="src\nymphaea_lib\graphics\objects\ssbo\ssbo.c">
      <Filter>nymphaea_lib\graphics\objects\ssbo</Filter>
    </ClCompile>
    <ClCompile Include="src\nymphaea_lib\graphics\objects\texture_2d\texture_2d.c">
      <Filter>nymphaea_lib\graphics\objects\texture_2d</Filter>
    </ClCompile>
    <ClCompile Include="src\nymphaea_lib\graphics\objects\vao\vao.c">
      <Filter>nymphaea_lib\graphics\objects\vao</Filter>
    </ClCompile>
    <ClCompile Include="src\nymphaea_lib\graphics\objects\vbo\vbo.c">
      <Filter>nymphaea_lib\graphics\objects\vbo</Filter>
    </ClCompile>
    <ClCompile Include="src\nymphaea_lib\graphics\program\compute_program\compute_program.c">
      <Filter>nymphaea_lib\graphics\program\compute_program</Filter>
    </ClCompile>
    <ClCompile Include="src\nymphaea_lib\graphics\program\shader_program\shader.c">
      <Filter>nymphaea_lib\graphics\program\shader_program</Filter>
    </ClCompile>
    <ClCompile Include="src\nymphaea_lib\graphics\program\shader_program\shader_data.c">
      <Filter>nymphaea_lib\graphics\program\shader_program</Filter>
    </ClCompile>
    <ClCompile Include="src\nymphaea_lib\graphics\program\shader_program\shader_input.c">
      <Filter>nymphaea_lib\graphics\program\shader_program</Filter>
    </ClCompile>
    <ClCompile Include="src\nymphaea_lib\graphics\program\shader_program\shader_maker\shader_maker.c">
      <Filter>nymphaea_lib\graphics\program\shader_program\shader_maker</Filter>
    </ClCompile>
    <ClCompile Include="src\nymphaea_lib\graphics\program\shader_program\shader_program.c">
      <Filter>nymphaea_lib\graphics\program\shader_program</Filter>
    </ClCompile>
    <ClCompile Include="src\nymphaea_lib\graphics\rect\rect.c">
      <Filter>nymphaea_lib\graphics\rect</Filter>
    </ClCompile>
    <ClCompile Include="src\nymphaea_lib\graphics\renderer\renderer.c">
      <Filter>nymphaea_lib\graphics\renderer</Filter>
    </ClCompile>
    <ClCompile Include="src\nymphaea_lib\graphics\scene\model\model.c">
      <Filter>nymphaea_lib\graphics\scene\model</Filter>
    </ClCompile>
    <ClCompile Include="src\nymphaea_lib\graphics\scene\model\model_material.c">
      <Filter>nymphaea_lib\graphics\scene\model</Filter>
    </ClCompile>
    <ClCompile Include="src\nymphaea_lib\graphics\scene\point_light\point_light.c">
      <Filter>nymphaea_lib\graphics\scene\point_light</Filter>
    </ClCompile>
    <ClCompile Include="src\nymphaea_lib\graphics\scene\scene.c">
      <Filter>nymphaea_lib\graphics\scene</Filter>
    </ClCompile>
    <ClCompile Include="src\nymphaea_lib\graphics\text\text.c">
      <Filter>nymphaea_lib\graphics\text</Filter>
    </ClCompile>
    <ClCompile Include="src\nymphaea_lib\graphics\text\text_2d\text_2d.c">
      <Filter>nymphaea_lib\graphics\text\text_2d</Filter>
    </ClCompile>
    <ClCompile Include="src\nymphaea_lib\graphics\text\text_highlight\text_highlight.c">
      <Filter>nymphaea_lib\graphics\text\text_highlight</Filter>
    </ClCompile>
    <ClCompile Include="src\nymphaea_lib\graphics\transform\transform_2d\transform_2d.c">
      <Filter>nymphaea_lib\graphics\transform\transform_2d</Filter>
    </ClCompile>
    <ClCompile Include="src\nymphaea_lib\graphics\transform\transform_3d\transform_3d.c">
      <Filter>nymphaea_lib\graphics\transform\transform_3d</Filter>
    </ClCompile>
    <ClCompile Include="src\nymphaea_lib\graphics\window\input\input.c">
      <Filter>nymphaea_lib\graphics\window\input</Filter>
    </ClCompile>
    <ClCompile Include="src\nymphaea_lib\graphics\window\window.c">
      <Filter>nymphaea_lib\graphics\window</Filter>
    </ClCompile>
    <ClCompile Include="src\nymphaea_lib\os\console\console.c">
      <Filter>nymphaea_lib\os\console</Filter>
    </ClCompile>
    <ClCompile Include="src\nymphaea_lib\platform\windows\win_main.c">
      <Filter>nymphaea_lib\platform\windows</Filter>
    </ClCompile>
    <ClCompile Include="src\pch.c" />
  </ItemGroup>
</Project>